
Microsoft Visual Studio Solution File, Format Version 12.00
# Visual Studio Version 16
VisualStudioVersion = 16.0.31702.278
MinimumVisualStudioVersion = 10.0.40219.1
Project("{FAE04EC0-301F-11D3-BF4B-00C04F79EFBC}") = "RegisterAndLoginApp", "RegisterAndLoginApp\RegisterAndLoginApp.csproj", "{AB06E01F-DAC6-4E64-A871-B525C63ABC32}"
EndProject
Global
	GlobalSection(SolutionConfigurationPlatforms) = preSolution
		Debug|Any CPU = Debug|Any CPU
		Release|Any CPU = Release|Any CPU
	EndGlobalSection
	GlobalSection(ProjectConfigurationPlatforms) = postSolution
		{AB06E01F-DAC6-4E64-A871-B525C63ABC32}.Debug|Any CPU.ActiveCfg = Debug|Any CPU
		{AB06E01F-DAC6-4E64-A871-B525C63ABC32}.Debug|Any CPU.Build.0 = Debug|Any CPU
		{AB06E01F-DAC6-4E64-A871-B525C63ABC32}.Release|Any CPU.ActiveCfg = Release|Any CPU
		{AB06E01F-DAC6-4E64-A871-B525C63ABC32}.Release|Any CPU.Build.0 = Release|Any CPU
	EndGlobalSection
	GlobalSection(SolutionProperties) = preSolution
		HideSolutionNode = FALSE
	EndGlobalSection
	GlobalSection(ExtensibilityGlobals) = postSolution
		SolutionGuid = {A0E1A098-FBBB-4B7C-813C-C470F898218E}
	EndGlobalSection
EndGlobal
